Microsoft Visual Studio Solution File, Format Version 12.00
# Visual Studio 2013
Project("{8BC9CEB8-8B4A-11D0-8D11-00A0C91BC942}") = "ALL_BUILD", "ALL_BUILD.vcxproj", "{FAE3F67E-75F0-4311-BA5B-79BCD38ECD2B}"
	ProjectSection(ProjectDependencies) = postProject
		{856CB2DA-FC84-468E-97E4-40260F8F720D} = {856CB2DA-FC84-468E-97E4-40260F8F720D}
		{6DC17288-33E1-43F4-9B67-DE9BD3B8DB6A} = {6DC17288-33E1-43F4-9B67-DE9BD3B8DB6A}
		{0323EF00-3908-4150-9135-83581F206E44} = {0323EF00-3908-4150-9135-83581F206E44}
		{486A5681-170D-414D-A894-3F3F1F1E5BEA} = {486A5681-170D-414D-A894-3F3F1F1E5BEA}
		{D080782C-7F5B-4DBC-BAF0-CC9BCCF7DAC8} = {D080782C-7F5B-4DBC-BAF0-CC9BCCF7DAC8}
		{12C27563-0FB3-49CD-987E-E4B76F4D0912} = {12C27563-0FB3-49CD-987E-E4B76F4D0912}
	EndProjectSection
EndProject
Project("{8BC9CEB8-8B4A-11D0-8D11-00A0C91BC942}") = "INSTALL", "INSTALL.vcxproj", "{66A2CAB3-C7FA-4397-821F-A251719613E8}"
	ProjectSection(ProjectDependencies) = postProject
		{FAE3F67E-75F0-4311-BA5B-79BCD38ECD2B} = {FAE3F67E-75F0-4311-BA5B-79BCD38ECD2B}
	EndProjectSection
EndProject
Project("{8BC9CEB8-8B4A-11D0-8D11-00A0C91BC942}") = "ZERO_CHECK", "ZERO_CHECK.vcxproj", "{856CB2DA-FC84-468E-97E4-40260F8F720D}"
	ProjectSection(ProjectDependencies) = postProject
	EndProjectSection
EndProject
Project("{8BC9CEB8-8B4A-11D0-8D11-00A0C91BC942}") = "assimp", "code\assimp.vcxproj", "{6DC17288-33E1-43F4-9B67-DE9BD3B8DB6A}"
	ProjectSection(ProjectDependencies) = postProject
		{856CB2DA-FC84-468E-97E4-40260F8F720D} = {856CB2DA-FC84-468E-97E4-40260F8F720D}
		{12C27563-0FB3-49CD-987E-E4B76F4D0912} = {12C27563-0FB3-49CD-987E-E4B76F4D0912}
	EndProjectSection
EndProject
Project("{8BC9CEB8-8B4A-11D0-8D11-00A0C91BC942}") = "assimp_cmd", "tools\assimp_cmd\assimp_cmd.vcxproj", "{0323EF00-3908-4150-9135-83581F206E44}"
	ProjectSection(ProjectDependencies) = postProject
		{856CB2DA-FC84-468E-97E4-40260F8F720D} = {856CB2DA-FC84-468E-97E4-40260F8F720D}
		{6DC17288-33E1-43F4-9B67-DE9BD3B8DB6A} = {6DC17288-33E1-43F4-9B67-DE9BD3B8DB6A}
		{12C27563-0FB3-49CD-987E-E4B76F4D0912} = {12C27563-0FB3-49CD-987E-E4B76F4D0912}
	EndProjectSection
EndProject
Project("{8BC9CEB8-8B4A-11D0-8D11-00A0C91BC942}") = "assimp_viewer", "tools\assimp_view\assimp_viewer.vcxproj", "{486A5681-170D-414D-A894-3F3F1F1E5BEA}"
	ProjectSection(ProjectDependencies) = postProject
		{856CB2DA-FC84-468E-97E4-40260F8F720D} = {856CB2DA-FC84-468E-97E4-40260F8F720D}
		{6DC17288-33E1-43F4-9B67-DE9BD3B8DB6A} = {6DC17288-33E1-43F4-9B67-DE9BD3B8DB6A}
		{12C27563-0FB3-49CD-987E-E4B76F4D0912} = {12C27563-0FB3-49CD-987E-E4B76F4D0912}
	EndProjectSection
EndProject
Project("{8BC9CEB8-8B4A-11D0-8D11-00A0C91BC942}") = "uninstall", "uninstall.vcxproj", "{AA8B9C64-8000-45BE-A95F-0250E4067A5E}"
	ProjectSection(ProjectDependencies) = postProject
		{856CB2DA-FC84-468E-97E4-40260F8F720D} = {856CB2DA-FC84-468E-97E4-40260F8F720D}
	EndProjectSection
EndProject
Project("{8BC9CEB8-8B4A-11D0-8D11-00A0C91BC942}") = "unit", "test\unit.vcxproj", "{D080782C-7F5B-4DBC-BAF0-CC9BCCF7DAC8}"
	ProjectSection(ProjectDependencies) = postProject
		{856CB2DA-FC84-468E-97E4-40260F8F720D} = {856CB2DA-FC84-468E-97E4-40260F8F720D}
		{6DC17288-33E1-43F4-9B67-DE9BD3B8DB6A} = {6DC17288-33E1-43F4-9B67-DE9BD3B8DB6A}
		{12C27563-0FB3-49CD-987E-E4B76F4D0912} = {12C27563-0FB3-49CD-987E-E4B76F4D0912}
	EndProjectSection
EndProject
Project("{8BC9CEB8-8B4A-11D0-8D11-00A0C91BC942}") = "zlibstatic", "contrib\zlib\zlibstatic.vcxproj", "{12C27563-0FB3-49CD-987E-E4B76F4D0912}"
	ProjectSection(ProjectDependencies) = postProject
		{856CB2DA-FC84-468E-97E4-40260F8F720D} = {856CB2DA-FC84-468E-97E4-40260F8F720D}
	EndProjectSection
EndProject
Global
	GlobalSection(SolutionConfigurationPlatforms) = preSolution
		Debug|Win32 = Debug|Win32
		Release|Win32 = Release|Win32
		MinSizeRel|Win32 = MinSizeRel|Win32
		RelWithDebInfo|Win32 = RelWithDebInfo|Win32
	EndGlobalSection
	GlobalSection(ProjectConfigurationPlatforms) = postSolution
		{FAE3F67E-75F0-4311-BA5B-79BCD38ECD2B}.Debug|Win32.ActiveCfg = Debug|Win32
		{FAE3F67E-75F0-4311-BA5B-79BCD38ECD2B}.Debug|Win32.Build.0 = Debug|Win32
		{FAE3F67E-75F0-4311-BA5B-79BCD38ECD2B}.Release|Win32.ActiveCfg = Release|Win32
		{FAE3F67E-75F0-4311-BA5B-79BCD38ECD2B}.Release|Win32.Build.0 = Release|Win32
		{FAE3F67E-75F0-4311-BA5B-79BCD38ECD2B}.MinSizeRel|Win32.ActiveCfg = MinSizeRel|Win32
		{FAE3F67E-75F0-4311-BA5B-79BCD38ECD2B}.MinSizeRel|Win32.Build.0 = MinSizeRel|Win32
		{FAE3F67E-75F0-4311-BA5B-79BCD38ECD2B}.RelWithDebInfo|Win32.ActiveCfg = RelWithDebInfo|Win32
		{FAE3F67E-75F0-4311-BA5B-79BCD38ECD2B}.RelWithDebInfo|Win32.Build.0 = RelWithDebInfo|Win32
		{66A2CAB3-C7FA-4397-821F-A251719613E8}.Debug|Win32.ActiveCfg = Debug|Win32
		{66A2CAB3-C7FA-4397-821F-A251719613E8}.Release|Win32.ActiveCfg = Release|Win32
		{66A2CAB3-C7FA-4397-821F-A251719613E8}.MinSizeRel|Win32.ActiveCfg = MinSizeRel|Win32
		{66A2CAB3-C7FA-4397-821F-A251719613E8}.RelWithDebInfo|Win32.ActiveCfg = RelWithDebInfo|Win32
		{856CB2DA-FC84-468E-97E4-40260F8F720D}.Debug|Win32.ActiveCfg = Debug|Win32
		{856CB2DA-FC84-468E-97E4-40260F8F720D}.Debug|Win32.Build.0 = Debug|Win32
		{856CB2DA-FC84-468E-97E4-40260F8F720D}.Release|Win32.ActiveCfg = Release|Win32
		{856CB2DA-FC84-468E-97E4-40260F8F720D}.Release|Win32.Build.0 = Release|Win32
		{856CB2DA-FC84-468E-97E4-40260F8F720D}.MinSizeRel|Win32.ActiveCfg = MinSizeRel|Win32
		{856CB2DA-FC84-468E-97E4-40260F8F720D}.MinSizeRel|Win32.Build.0 = MinSizeRel|Win32
		{856CB2DA-FC84-468E-97E4-40260F8F720D}.RelWithDebInfo|Win32.ActiveCfg = RelWithDebInfo|Win32
		{856CB2DA-FC84-468E-97E4-40260F8F720D}.RelWithDebInfo|Win32.Build.0 = RelWithDebInfo|Win32
		{6DC17288-33E1-43F4-9B67-DE9BD3B8DB6A}.Debug|Win32.ActiveCfg = Debug|Win32
		{6DC17288-33E1-43F4-9B67-DE9BD3B8DB6A}.Debug|Win32.Build.0 = Debug|Win32
		{6DC17288-33E1-43F4-9B67-DE9BD3B8DB6A}.Release|Win32.ActiveCfg = Release|Win32
		{6DC17288-33E1-43F4-9B67-DE9BD3B8DB6A}.Release|Win32.Build.0 = Release|Win32
		{6DC17288-33E1-43F4-9B67-DE9BD3B8DB6A}.MinSizeRel|Win32.ActiveCfg = MinSizeRel|Win32
		{6DC17288-33E1-43F4-9B67-DE9BD3B8DB6A}.MinSizeRel|Win32.Build.0 = MinSizeRel|Win32
		{6DC17288-33E1-43F4-9B67-DE9BD3B8DB6A}.RelWithDebInfo|Win32.ActiveCfg = RelWithDebInfo|Win32
		{6DC17288-33E1-43F4-9B67-DE9BD3B8DB6A}.RelWithDebInfo|Win32.Build.0 = RelWithDebInfo|Win32
		{0323EF00-3908-4150-9135-83581F206E44}.Debug|Win32.ActiveCfg = Debug|Win32
		{0323EF00-3908-4150-9135-83581F206E44}.Debug|Win32.Build.0 = Debug|Win32
		{0323EF00-3908-4150-9135-83581F206E44}.Release|Win32.ActiveCfg = Release|Win32
		{0323EF00-3908-4150-9135-83581F206E44}.Release|Win32.Build.0 = Release|Win32
		{0323EF00-3908-4150-9135-83581F206E44}.MinSizeRel|Win32.ActiveCfg = MinSizeRel|Win32
		{0323EF00-3908-4150-9135-83581F206E44}.MinSizeRel|Win32.Build.0 = MinSizeRel|Win32
		{0323EF00-3908-4150-9135-83581F206E44}.RelWithDebInfo|Win32.ActiveCfg = RelWithDebInfo|Win32
		{0323EF00-3908-4150-9135-83581F206E44}.RelWithDebInfo|Win32.Build.0 = RelWithDebInfo|Win32
		{486A5681-170D-414D-A894-3F3F1F1E5BEA}.Debug|Win32.ActiveCfg = Debug|Win32
		{486A5681-170D-414D-A894-3F3F1F1E5BEA}.Debug|Win32.Build.0 = Debug|Win32
		{486A5681-170D-414D-A894-3F3F1F1E5BEA}.Release|Win32.ActiveCfg = Release|Win32
		{486A5681-170D-414D-A894-3F3F1F1E5BEA}.Release|Win32.Build.0 = Release|Win32
		{486A5681-170D-414D-A894-3F3F1F1E5BEA}.MinSizeRel|Win32.ActiveCfg = MinSizeRel|Win32
		{486A5681-170D-414D-A894-3F3F1F1E5BEA}.MinSizeRel|Win32.Build.0 = MinSizeRel|Win32
		{486A5681-170D-414D-A894-3F3F1F1E5BEA}.RelWithDebInfo|Win32.ActiveCfg = RelWithDebInfo|Win32
		{486A5681-170D-414D-A894-3F3F1F1E5BEA}.RelWithDebInfo|Win32.Build.0 = RelWithDebInfo|Win32
		{AA8B9C64-8000-45BE-A95F-0250E4067A5E}.Debug|Win32.ActiveCfg = Debug|Win32
		{AA8B9C64-8000-45BE-A95F-0250E4067A5E}.Release|Win32.ActiveCfg = Release|Win32
		{AA8B9C64-8000-45BE-A95F-0250E4067A5E}.MinSizeRel|Win32.ActiveCfg = MinSizeRel|Win32
		{AA8B9C64-8000-45BE-A95F-0250E4067A5E}.RelWithDebInfo|Win32.ActiveCfg = RelWithDebInfo|Win32
		{D080782C-7F5B-4DBC-BAF0-CC9BCCF7DAC8}.Debug|Win32.ActiveCfg = Debug|Win32
		{D080782C-7F5B-4DBC-BAF0-CC9BCCF7DAC8}.Debug|Win32.Build.0 = Debug|Win32
		{D080782C-7F5B-4DBC-BAF0-CC9BCCF7DAC8}.Release|Win32.ActiveCfg = Release|Win32
		{D080782C-7F5B-4DBC-BAF0-CC9BCCF7DAC8}.Release|Win32.Build.0 = Release|Win32
		{D080782C-7F5B-4DBC-BAF0-CC9BCCF7DAC8}.MinSizeRel|Win32.ActiveCfg = MinSizeRel|Win32
		{D080782C-7F5B-4DBC-BAF0-CC9BCCF7DAC8}.MinSizeRel|Win32.Build.0 = MinSizeRel|Win32
		{D080782C-7F5B-4DBC-BAF0-CC9BCCF7DAC8}.RelWithDebInfo|Win32.ActiveCfg = RelWithDebInfo|Win32
		{D080782C-7F5B-4DBC-BAF0-CC9BCCF7DAC8}.RelWithDebInfo|Win32.Build.0 = RelWithDebInfo|Win32
		{12C27563-0FB3-49CD-987E-E4B76F4D0912}.Debug|Win32.ActiveCfg = Debug|Win32
		{12C27563-0FB3-49CD-987E-E4B76F4D0912}.Debug|Win32.Build.0 = Debug|Win32
		{12C27563-0FB3-49CD-987E-E4B76F4D0912}.Release|Win32.ActiveCfg = Release|Win32
		{12C27563-0FB3-49CD-987E-E4B76F4D0912}.Release|Win32.Build.0 = Release|Win32
		{12C27563-0FB3-49CD-987E-E4B76F4D0912}.MinSizeRel|Win32.ActiveCfg = MinSizeRel|Win32
		{12C27563-0FB3-49CD-987E-E4B76F4D0912}.MinSizeRel|Win32.Build.0 = MinSizeRel|Win32
		{12C27563-0FB3-49CD-987E-E4B76F4D0912}.RelWithDebInfo|Win32.ActiveCfg = RelWithDebInfo|Win32
		{12C27563-0FB3-49CD-987E-E4B76F4D0912}.RelWithDebInfo|Win32.Build.0 = RelWithDebInfo|Win32
	EndGlobalSection
	GlobalSection(ExtensibilityGlobals) = postSolution
	EndGlobalSection
	GlobalSection(ExtensibilityAddIns) = postSolution
	EndGlobalSection
EndGlobal
